// !$*UTF8*$!
{
	archiveVersion = 1;
	classes = {
	};
	objectVersion = 46;
	objects = {

/* Begin PBXBuildFile section */
		495B0E17178BB58800B7746B /* UIKit.framework in Frameworks */ = {isa = PBXBuildFile; fileRef = 495B0E16178BB58800B7746B /* UIKit.framework */; };
		495B0E19178BB58800B7746B /* Foundation.framework in Frameworks */ = {isa = PBXBuildFile; fileRef = 495B0E18178BB58800B7746B /* Foundation.framework */; };
		495B0E1B178BB58800B7746B /* CoreGraphics.framework in Frameworks */ = {isa = PBXBuildFile; fileRef = 495B0E1A178BB58800B7746B /* CoreGraphics.framework */; };
		495B0E21178BB58800B7746B /* InfoPlist.strings in Resources */ = {isa = PBXBuildFile; fileRef = 495B0E1F178BB58800B7746B /* InfoPlist.strings */; };
		495B0E23178BB58800B7746B /* main.m in Sources */ = {isa = PBXBuildFile; fileRef = 495B0E22178BB58800B7746B /* main.m */; };
		495B0E27178BB58800B7746B /* AppDelegate.m in Sources */ = {isa = PBXBuildFile; fileRef = 495B0E26178BB58800B7746B /* AppDelegate.m */; };
		495B0E29178BB58800B7746B /* Default.png in Resources */ = {isa = PBXBuildFile; fileRef = 495B0E28178BB58800B7746B /* Default.png */; };
		495B0E2B178BB58800B7746B /* Default@2x.png in Resources */ = {isa = PBXBuildFile; fileRef = 495B0E2A178BB58800B7746B /* Default@2x.png */; };
		495B0E2D178BB58800B7746B /* Default-568h@2x.png in Resources */ = {isa = PBXBuildFile; fileRef = 495B0E2C178BB58800B7746B /* Default-568h@2x.png */; };
		495B0E33178BB58800B7746B /* ViewController.m in Sources */ = {isa = PBXBuildFile; fileRef = 495B0E32178BB58800B7746B /* ViewController.m */; };
		495B0E3B178BB6E000B7746B /* LYSwitch.m in Sources */ = {isa = PBXBuildFile; fileRef = 495B0E3A178BB6E000B7746B /* LYSwitch.m */; };
		495B0E3D178BB73400B7746B /* QuartzCore.framework in Frameworks */ = {isa = PBXBuildFile; fileRef = 495B0E3C178BB73400B7746B /* QuartzCore.framework */; };
		495B0E41178BC80400B7746B /* LYSwitchTrack.m in Sources */ = {isa = PBXBuildFile; fileRef = 495B0E40178BC80400B7746B /* LYSwitchTrack.m */; };
		495B0E44178BCA1800B7746B /* LYSwitchKnob.m in Sources */ = {isa = PBXBuildFile; fileRef = 495B0E43178BCA1800B7746B /* LYSwitchKnob.m */; };
		495B0E49178C062300B7746B /* MainStoryboard.storyboard in Resources */ = {isa = PBXBuildFile; fileRef = 495B0E47178C062300B7746B /* MainStoryboard.storyboard */; };
/* End PBXBuildFile section */

/* Begin PBXFileReference section */
		495B0E13178BB58800B7746B /* LYSwitch.app */ = {isa = PBXFileReference; explicitFileType = wrapper.application; includeInIndex = 0; path = LYSwitch.app; sourceTree = BUILT_PRODUCTS_DIR; };
		495B0E16178BB58800B7746B /* UIKit.framework */ = {isa = PBXFileReference; lastKnownFileType = wrapper.framework; name = UIKit.framework; path = System/Library/Frameworks/UIKit.framework; sourceTree = SDKROOT; };
		495B0E18178BB58800B7746B /* Foundation.framework */ = {isa = PBXFileReference; lastKnownFileType = wrapper.framework; name = Foundation.framework; path = System/Library/Frameworks/Foundation.framework; sourceTree = SDKROOT; };
		495B0E1A178BB58800B7746B /* CoreGraphics.framework */ = {isa = PBXFileReference; lastKnownFileType = wrapper.framework; name = CoreGraphics.framework; path = System/Library/Frameworks/CoreGraphics.framework; sourceTree = SDKROOT; };
		495B0E1E178BB58800B7746B /* LYSwitch-Info.plist */ = {isa = PBXFileReference; lastKnownFileType = text.plist.xml; path = "LYSwitch-Info.plist"; sourceTree = "<group>"; };
		495B0E20178BB58800B7746B /* en */ = {isa = PBXFileReference; lastKnownFileType = text.plist.strings; name = en; path = en.lproj/InfoPlist.strings; sourceTree = "<group>"; };
		495B0E22178BB58800B7746B /* main.m */ = {isa = PBXFileReference; lastKnownFileType = sourcecode.c.objc; path = main.m; sourceTree = "<group>"; };
		495B0E24178BB58800B7746B /* LYSwitch-Prefix.pch */ = {isa = PBXFileReference; lastKnownFileType = sourcecode.c.h; path = "LYSwitch-Prefix.pch"; sourceTree = "<group>"; };
		495B0E25178BB58800B7746B /* AppDelegate.h */ = {isa = PBXFileReference; lastKnownFileType = sourcecode.c.h; path = AppDelegate.h; sourceTree = "<group>"; };
		495B0E26178BB58800B7746B /* AppDelegate.m */ = {isa = PBXFileReference; lastKnownFileType = sourcecode.c.objc; path = AppDelegate.m; sourceTree = "<group>"; };
		495B0E28178BB58800B7746B /* Default.png */ = {isa = PBXFileReference; lastKnownFileType = image.png; path = Default.png; sourceTree = "<group>"; };
		495B0E2A178BB58800B7746B /* Default@2x.png */ = {isa = PBXFileReference; lastKnownFileType = image.png; path = "Default@2x.png"; sourceTree = "<group>"; };
		495B0E2C178BB58800B7746B /* Default-568h@2x.png */ = {isa = PBXFileReference; lastKnownFileType = image.png; path = "Default-568h@2x.png"; sourceTree = "<group>"; };
		495B0E31178BB58800B7746B /* ViewController.h */ = {isa = PBXFileReference; lastKnownFileType = sourcecode.c.h; path = ViewController.h; sourceTree = "<group>"; };
		495B0E32178BB58800B7746B /* ViewController.m */ = {isa = PBXFileReference; lastKnownFileType = sourcecode.c.objc; path = ViewController.m; sourceTree = "<group>"; };
		495B0E39178BB6E000B7746B /* LYSwitch.h */ = {isa = PBXFileReference; fileEncoding = 4; lastKnownFileType = sourcecode.c.h; path = LYSwitch.h; sourceTree = "<group>"; };
		495B0E3A178BB6E000B7746B /* LYSwitch.m */ = {isa = PBXFileReference; fileEncoding = 4; lastKnownFileType = sourcecode.c.objc; path = LYSwitch.m; sourceTree = "<group>"; };
		495B0E3C178BB73400B7746B /* QuartzCore.framework */ = {isa = PBXFileReference; lastKnownFileType = wrapper.framework; name = QuartzCore.framework; path = System/Library/Frameworks/QuartzCore.framework; sourceTree = SDKROOT; };
		495B0E3F178BC80400B7746B /* LYSwitchTrack.h */ = {isa = PBXFileReference; fileEncoding = 4; lastKnownFileType = sourcecode.c.h; path = LYSwitchTrack.h; sourceTree = "<group>"; };
		495B0E40178BC80400B7746B /* LYSwitchTrack.m */ = {isa = PBXFileReference; fileEncoding = 4; lastKnownFileType = sourcecode.c.objc; path = LYSwitchTrack.m; sourceTree = "<group>"; };
		495B0E42178BCA1800B7746B /* LYSwitchKnob.h */ = {isa = PBXFileReference; fileEncoding = 4; lastKnownFileType = sourcecode.c.h; path = LYSwitchKnob.h; sourceTree = "<group>"; };
		495B0E43178BCA1800B7746B /* LYSwitchKnob.m */ = {isa = PBXFileReference; fileEncoding = 4; lastKnownFileType = sourcecode.c.objc; path = LYSwitchKnob.m; sourceTree = "<group>"; };
		495B0E48178C062300B7746B /* en */ = {isa = PBXFileReference; lastKnownFileType = file.storyboard; name = en; path = en.lproj/MainStoryboard.storyboard; sourceTree = "<group>"; };
/* End PBXFileReference section */

/* Begin PBXFrameworksBuildPhase section */
		495B0E10178BB58800B7746B /* Frameworks */ = {
			isa = PBXFrameworksBuildPhase;
			buildActionMask = 2147483647;
			files = (
				495B0E3D178BB73400B7746B /* QuartzCore.framework in Frameworks */,
				495B0E17178BB58800B7746B /* UIKit.framework in Frameworks */,
				495B0E19178BB58800B7746B /* Foundation.framework in Frameworks */,
				495B0E1B178BB58800B7746B /* CoreGraphics.framework in Frameworks */,
			);
			runOnlyForDeploymentPostprocessing = 0;
		};
/* End PBXFrameworksBuildPhase section */

/* Begin PBXGroup section */
		495B0E0A178BB58800B7746B = {
			isa = PBXGroup;
			children = (
				495B0E1C178BB58800B7746B /* LYSwitch */,
				495B0E15178BB58800B7746B /* Frameworks */,
				495B0E14178BB58800B7746B /* Products */,
			);
			sourceTree = "<group>";
		};
		495B0E14178BB58800B7746B /* Products */ = {
			isa = PBXGroup;
			children = (
				495B0E13178BB58800B7746B /* LYSwitch.app */,
			);
			name = Products;
			sourceTree = "<group>";
		};
		495B0E15178BB58800B7746B /* Frameworks */ = {
			isa = PBXGroup;
			children = (
				495B0E3C178BB73400B7746B /* QuartzCore.framework */,
				495B0E16178BB58800B7746B /* UIKit.framework */,
				495B0E18178BB58800B7746B /* Foundation.framework */,
				495B0E1A178BB58800B7746B /* CoreGraphics.framework */,
			);
			name = Frameworks;
			sourceTree = "<group>";
		};
		495B0E1C178BB58800B7746B /* LYSwitch */ = {
			isa = PBXGroup;
			children = (
				495B0E25178BB58800B7746B /* AppDelegate.h */,
				495B0E26178BB58800B7746B /* AppDelegate.m */,
				495B0E31178BB58800B7746B /* ViewController.h */,
				495B0E32178BB58800B7746B /* ViewController.m */,
				495B0E47178C062300B7746B /* MainStoryboard.storyboard */,
				495B0E1D178BB58800B7746B /* Supporting Files */,
				495B0E3E178BC7E200B7746B /* Classes */,
			);
			path = LYSwitch;
			sourceTree = "<group>";
		};
		495B0E1D178BB58800B7746B /* Supporting Files */ = {
			isa = PBXGroup;
			children = (
				495B0E1E178BB58800B7746B /* LYSwitch-Info.plist */,
				495B0E1F178BB58800B7746B /* InfoPlist.strings */,
				495B0E22178BB58800B7746B /* main.m */,
				495B0E24178BB58800B7746B /* LYSwitch-Prefix.pch */,
				495B0E28178BB58800B7746B /* Default.png */,
				495B0E2A178BB58800B7746B /* Default@2x.png */,
				495B0E2C178BB58800B7746B /* Default-568h@2x.png */,
			);
			name = "Supporting Files";
			sourceTree = "<group>";
		};
		495B0E3E178BC7E200B7746B /* Classes */ = {
			isa = PBXGroup;
			children = (
				495B0E39178BB6E000B7746B /* LYSwitch.h */,
				495B0E3A178BB6E000B7746B /* LYSwitch.m */,
				495B0E3F178BC80400B7746B /* LYSwitchTrack.h */,
				495B0E40178BC80400B7746B /* LYSwitchTrack.m */,
				495B0E42178BCA1800B7746B /* LYSwitchKnob.h */,
				495B0E43178BCA1800B7746B /* LYSwitchKnob.m */,
			);
			name = Classes;
			sourceTree = "<group>";
		};
/* End PBXGroup section */

/* Begin PBXNativeTarget section */
		495B0E12178BB58800B7746B /* LYSwitch */ = {
			isa = PBXNativeTarget;
			buildConfigurationList = 495B0E36178BB58800B7746B /* Build configuration list for PBXNativeTarget "LYSwitch" */;
			buildPhases = (
				495B0E0F178BB58800B7746B /* Sources */,
				495B0E10178BB58800B7746B /* Frameworks */,
				495B0E11178BB58800B7746B /* Resources */,
			);
			buildRules = (
			);
			dependencies = (
			);
			name = LYSwitch;
			productName = LYSwitch;
			productReference = 495B0E13178BB58800B7746B /* LYSwitch.app */;
			productType = "com.apple.product-type.application";
		};
/* End PBXNativeTarget section */

/* Begin PBXProject section */
		495B0E0B178BB58800B7746B /* Project object */ = {
			isa = PBXProject;
			attributes = {
				LastUpgradeCheck = 0460;
				ORGANIZATIONNAME = "LI Yi";
			};
			buildConfigurationList = 495B0E0E178BB58800B7746B /* Build configuration list for PBXProject "LYSwitch" */;
			compatibilityVersion = "Xcode 3.2";
			developmentRegion = English;
			hasScannedForEncodings = 0;
			knownRegions = (
				en,
			);
			mainGroup = 495B0E0A178BB58800B7746B;
			productRefGroup = 495B0E14178BB58800B7746B /* Products */;
			projectDirPath = "";
			projectRoot = "";
			targets = (
				495B0E12178BB58800B7746B /* LYSwitch */,
			);
		};
/* End PBXProject section */

/* Begin PBXResourcesBuildPhase section */
		495B0E11178BB58800B7746B /* Resources */ = {
			isa = PBXResourcesBuildPhase;
			buildActionMask = 2147483647;
			files = (
				495B0E21178BB58800B7746B /* InfoPlist.strings in Resources */,
				495B0E29178BB58800B7746B /* Default.png in Resources */,
				495B0E2B178BB58800B7746B /* Default@2x.png in Resources */,
				495B0E2D178BB58800B7746B /* Default-568h@2x.png in Resources */,
				495B0E49178C062300B7746B /* MainStoryboard.storyboard in Resources */,
			);
			runOnlyForDeploymentPostprocessing = 0;
		};
/* End PBXResourcesBuildPhase section */

/* Begin PBXSourcesBuildPhase section */
		495B0E0F178BB58800B7746B /* Sources */ = {
			isa = PBXSourcesBuildPhase;
			buildActionMask = 2147483647;
			files = (
				495B0E23178BB58800B7746B /* main.m in Sources */,
				495B0E27178BB58800B7746B /* AppDelegate.m in Sources */,
				495B0E33178BB58800B7746B /* ViewController.m in Sources */,
				495B0E3B178BB6E000B7746B /* LYSwitch.m in Sources */,
				495B0E41178BC80400B7746B /* LYSwitchTrack.m in Sources */,
				495B0E44178BCA1800B7746B /* LYSwitchKnob.m in Sources */,
			);
			runOnlyForDeploymentPostprocessing = 0;
		};
/* End PBXSourcesBuildPhase section */

/* Begin PBXVariantGroup section */
		495B0E1F178BB58800B7746B /* InfoPlist.strings */ = {
			isa = PBXVariantGroup;
			children = (
				495B0E20178BB58800B7746B /* en */,
			);
			name = InfoPlist.strings;
			sourceTree = "<group>";
		};
		495B0E47178C062300B7746B /* MainStoryboard.storyboard */ = {
			isa = PBXVariantGroup;
			children = (
				495B0E48178C062300B7746B /* en */,
			);
			name = MainStoryboard.storyboard;
			sourceTree = "<group>";
		};
/* End PBXVariantGroup section */

/* Begin XCBuildConfiguration section */
		495B0E34178BB58800B7746B /* Debug */ = {
			isa = XCBuildConfiguration;
			buildSettings = {
				ALWAYS_SEARCH_USER_PATHS = NO;
				CLANG_CXX_LANGUAGE_STANDARD = "gnu++0x";
				CLANG_CXX_LIBRARY = "libc++";
				CLANG_ENABLE_OBJC_ARC = YES;
				CLANG_WARN_CONSTANT_CONVERSION = YES;
				CLANG_WARN_EMPTY_BODY = YES;
				CLANG_WARN_ENUM_CONVERSION = YES;
				CLANG_WARN_INT_CONVERSION = YES;
				CLANG_WARN__DUPLICATE_METHOD_MATCH = YES;
				"CODE_SIGN_IDENTITY[sdk=iphoneos*]" = "iPhone Developer";
				COPY_PHASE_STRIP = NO;
				GCC_C_LANGUAGE_STANDARD = gnu99;
				GCC_DYNAMIC_NO_PIC = NO;
				GCC_OPTIMIZATION_LEVEL = 0;
				GCC_PREPROCESSOR_DEFINITIONS = (
					"DEBUG=1",
					"$(inherited)",
				);
				GCC_SYMBOLS_PRIVATE_EXTERN = NO;
				GCC_WARN_ABOUT_RETURN_TYPE = YES;
				GCC_WARN_UNINITIALIZED_AUTOS = YES;
				GCC_WARN_UNUSED_VARIABLE = YES;
				IPHONEOS_DEPLOYMENT_TARGET = 6.1;
				ONLY_ACTIVE_ARCH = YES;
				SDKROOT = iphoneos;
			};
			name = Debug;
		};
		495B0E35178BB58800B7746B /* Release */ = {
			isa = XCBuildConfiguration;
			buildSettings = {
				ALWAYS_SEARCH_USER_PATHS = NO;
				CLANG_CXX_LANGUAGE_STANDARD = "gnu++0x";
				CLANG_CXX_LIBRARY = "libc++";
				CLANG_ENABLE_OBJC_ARC = YES;
				CLANG_WARN_CONSTANT_CONVERSION = YES;
				CLANG_WARN_EMPTY_BODY = YES;
				CLANG_WARN_ENUM_CONVERSION = YES;
				CLANG_WARN_INT_CONVERSION = YES;
				CLANG_WARN__DUPLICATE_METHOD_MATCH = YES;
				"CODE_SIGN_IDENTITY[sdk=iphoneos*]" = "iPhone Developer";
				COPY_PHASE_STRIP = YES;
				GCC_C_LANGUAGE_STANDARD = gnu99;
				GCC_WARN_ABOUT_RETURN_TYPE = YES;
				GCC_WARN_UNINITIALIZED_AUTOS = YES;
				GCC_WARN_UNUSED_VARIABLE = YES;
				IPHONEOS_DEPLOYMENT_TARGET = 6.1;
				OTHER_CFLAGS = "-DNS_BLOCK_ASSERTIONS=1";
				SDKROOT = iphoneos;
				VALIDATE_PRODUCT = YES;
			};
			name = Release;
		};
		495B0E37178BB58800B7746B /* Debug */ = {
			isa = XCBuildConfiguration;
			buildSettings = {
				GCC_PRECOMPILE_PREFIX_HEADER = YES;
				GCC_PREFIX_HEADER = "LYSwitch/LYSwitch-Prefix.pch";
				INFOPLIST_FILE = "LYSwitch/LYSwitch-Info.plist";
				PRODUCT_NAME = "$(TARGET_NAME)";
				WRAPPER_EXTENSION = app;
			};
			name = Debug;
		};
		495B0E38178BB58800B7746B /* Release */ = {
			isa = XCBuildConfiguration;
			buildSettings = {
				GCC_PRECOMPILE_PREFIX_HEADER = YES;
				GCC_PREFIX_HEADER = "LYSwitch/LYSwitch-Prefix.pch";
				INFOPLIST_FILE = "LYSwitch/LYSwitch-Info.plist";
				PRODUCT_NAME = "$(TARGET_NAME)";
				WRAPPER_EXTENSION = app;
			};
			name = Release;
		};
/* End XCBuildConfiguration section */

/* Begin XCConfigurationList section */
		495B0E0E178BB58800B7746B /* Build configuration list for PBXProject "LYSwitch" */ = {
			isa = XCConfigurationList;
			buildConfigurations = (
				495B0E34178BB58800B7746B /* Debug */,
				495B0E35178BB58800B7746B /* Release */,
			);
			defaultConfigurationIsVisible = 0;
			defaultConfigurationName = Release;
		};
		495B0E36178BB58800B7746B /* Build configuration list for PBXNativeTarget "LYSwitch" */ = {
			isa = XCConfigurationList;
			buildConfigurations = (
				495B0E37178BB58800B7746B /* Debug */,
				495B0E38178BB58800B7746B /* Release */,
			);
			defaultConfigurationIsVisible = 0;
			defaultConfigurationName = Release;
		};
/* End XCConfigurationList section */
	};
	rootObject = 495B0E0B178BB58800B7746B /* Project object */;
}
